
Microsoft Visual Studio Solution File, Format Version 12.00
# Visual Studio Version 17
VisualStudioVersion = 17.7.34024.191
MinimumVisualStudioVersion = 10.0.40219.1
Project("{FAE04EC0-301F-11D3-BF4B-00C04F79EFBC}") = "Lesson3Loops", "Lesson3Loops.csproj", "{ECA1EFE7-7BD6-4738-AAC0-0EE0E7D8FA61}"
EndProject
Global
	GlobalSection(SolutionConfigurationPlatforms) = preSolution
		Debug|Any CPU = Debug|Any CPU
		Release|Any CPU = Release|Any CPU
	EndGlobalSection
	GlobalSection(ProjectConfigurationPlatforms) = postSolution
		{ECA1EFE7-7BD6-4738-AAC0-0EE0E7D8FA61}.Debug|Any CPU.ActiveCfg = Debug|Any CPU
		{ECA1EFE7-7BD6-4738-AAC0-0EE0E7D8FA61}.Debug|Any CPU.Build.0 = Debug|Any CPU
		{ECA1EFE7-7BD6-4738-AAC0-0EE0E7D8FA61}.Release|Any CPU.ActiveCfg = Release|Any CPU
		{ECA1EFE7-7BD6-4738-AAC0-0EE0E7D8FA61}.Release|Any CPU.Build.0 = Release|Any CPU
	EndGlobalSection
	GlobalSection(SolutionProperties) = preSolution
		HideSolutionNode = FALSE
	EndGlobalSection
	GlobalSection(ExtensibilityGlobals) = postSolution
		SolutionGuid = {BED21D3C-5DC3-4BB8-ABBE-8515AA1D164C}
	EndGlobalSection
EndGlobal
